
Microsoft Visual Studio Solution File, Format Version 12.00
# Visual Studio 15
VisualStudioVersion = 15.0.27428.2043
MinimumVisualStudioVersion = 10.0.40219.1
Project("{FAE04EC0-301F-11D3-BF4B-00C04F79EFBC}") = "Methods", "Methods\Methods.csproj", "{AE22EE9E-E792-4D77-A537-8794F797A4AE}"
EndProject
Global
	GlobalSection(SolutionConfigurationPlatforms) = preSolution
		Debug|Any CPU = Debug|Any CPU
		Release|Any CPU = Release|Any CPU
	EndGlobalSection
	GlobalSection(ProjectConfigurationPlatforms) = postSolution
		{AE22EE9E-E792-4D77-A537-8794F797A4AE}.Debug|Any CPU.ActiveCfg = Debug|Any CPU
		{AE22EE9E-E792-4D77-A537-8794F797A4AE}.Debug|Any CPU.Build.0 = Debug|Any CPU
		{AE22EE9E-E792-4D77-A537-8794F797A4AE}.Release|Any CPU.ActiveCfg = Release|Any CPU
		{AE22EE9E-E792-4D77-A537-8794F797A4AE}.Release|Any CPU.Build.0 = Release|Any CPU
	EndGlobalSection
	GlobalSection(SolutionProperties) = preSolution
		HideSolutionNode = FALSE
	EndGlobalSection
	GlobalSection(ExtensibilityGlobals) = postSolution
		SolutionGuid = {2B15B82A-1245-4DCD-B1CB-EB37FDEDA256}
	EndGlobalSection
EndGlobal
